
Microsoft Visual Studio Solution File, Format Version 11.00
# Visual Studio 2010
Project("{FAE04EC0-301F-11D3-BF4B-00C04F79EFBC}") = "wobsvclib", "wobsvclib\wobsvclib.csproj", "{7561A4A6-8594-4603-AA0D-4CB71373FBBA}"
EndProject
Project("{FAE04EC0-301F-11D3-BF4B-00C04F79EFBC}") = "wobclientlib", "wobclientlib\wobclientlib.csproj", "{50F33960-641C-491D-81BA-F227802AF13C}"
EndProject
Project("{FAE04EC0-301F-11D3-BF4B-00C04F79EFBC}") = "wobclientpc", "wobclientpc\wobclientpc\wobclientpc.csproj", "{A6D3012E-5DBB-4E89-96B8-FA9C36CFAA2C}"
EndProject
Project("{96E2B04D-8817-42C6-938A-82C39BA4D311}") = "wobcontent", "wobcontent\wobcontent.contentproj", "{023D6F51-BB43-4D98-8771-96646A31A59C}"
EndProject
Project("{FAE04EC0-301F-11D3-BF4B-00C04F79EFBC}") = "wobconsolehost", "wobconsolehost\wobconsolehost.csproj", "{0FD049EB-BB00-41D4-B3F5-5C62EC02A81C}"
EndProject
Global
	GlobalSection(SolutionConfigurationPlatforms) = preSolution
		Debug|Any CPU = Debug|Any CPU
		Debug|Mixed Platforms = Debug|Mixed Platforms
		Debug|x86 = Debug|x86
		Release|Any CPU = Release|Any CPU
		Release|Mixed Platforms = Release|Mixed Platforms
		Release|x86 = Release|x86
	EndGlobalSection
	GlobalSection(ProjectConfigurationPlatforms) = postSolution
		{7561A4A6-8594-4603-AA0D-4CB71373FBBA}.Debug|Any CPU.ActiveCfg = Debug|Any CPU
		{7561A4A6-8594-4603-AA0D-4CB71373FBBA}.Debug|Any CPU.Build.0 = Debug|Any CPU
		{7561A4A6-8594-4603-AA0D-4CB71373FBBA}.Debug|Mixed Platforms.ActiveCfg = Debug|Any CPU
		{7561A4A6-8594-4603-AA0D-4CB71373FBBA}.Debug|Mixed Platforms.Build.0 = Debug|Any CPU
		{7561A4A6-8594-4603-AA0D-4CB71373FBBA}.Debug|x86.ActiveCfg = Debug|Any CPU
		{7561A4A6-8594-4603-AA0D-4CB71373FBBA}.Release|Any CPU.ActiveCfg = Release|Any CPU
		{7561A4A6-8594-4603-AA0D-4CB71373FBBA}.Release|Any CPU.Build.0 = Release|Any CPU
		{7561A4A6-8594-4603-AA0D-4CB71373FBBA}.Release|Mixed Platforms.ActiveCfg = Release|Any CPU
		{7561A4A6-8594-4603-AA0D-4CB71373FBBA}.Release|Mixed Platforms.Build.0 = Release|Any CPU
		{7561A4A6-8594-4603-AA0D-4CB71373FBBA}.Release|x86.ActiveCfg = Release|Any CPU
		{50F33960-641C-491D-81BA-F227802AF13C}.Debug|Any CPU.ActiveCfg = Debug|x86
		{50F33960-641C-491D-81BA-F227802AF13C}.Debug|Mixed Platforms.ActiveCfg = Debug|x86
		{50F33960-641C-491D-81BA-F227802AF13C}.Debug|Mixed Platforms.Build.0 = Debug|x86
		{50F33960-641C-491D-81BA-F227802AF13C}.Debug|x86.ActiveCfg = Debug|x86
		{50F33960-641C-491D-81BA-F227802AF13C}.Debug|x86.Build.0 = Debug|x86
		{50F33960-641C-491D-81BA-F227802AF13C}.Release|Any CPU.ActiveCfg = Release|x86
		{50F33960-641C-491D-81BA-F227802AF13C}.Release|Mixed Platforms.ActiveCfg = Release|x86
		{50F33960-641C-491D-81BA-F227802AF13C}.Release|Mixed Platforms.Build.0 = Release|x86
		{50F33960-641C-491D-81BA-F227802AF13C}.Release|x86.ActiveCfg = Release|x86
		{50F33960-641C-491D-81BA-F227802AF13C}.Release|x86.Build.0 = Release|x86
		{A6D3012E-5DBB-4E89-96B8-FA9C36CFAA2C}.Debug|Any CPU.ActiveCfg = Debug|x86
		{A6D3012E-5DBB-4E89-96B8-FA9C36CFAA2C}.Debug|Mixed Platforms.ActiveCfg = Debug|x86
		{A6D3012E-5DBB-4E89-96B8-FA9C36CFAA2C}.Debug|Mixed Platforms.Build.0 = Debug|x86
		{A6D3012E-5DBB-4E89-96B8-FA9C36CFAA2C}.Debug|x86.ActiveCfg = Debug|x86
		{A6D3012E-5DBB-4E89-96B8-FA9C36CFAA2C}.Debug|x86.Build.0 = Debug|x86
		{A6D3012E-5DBB-4E89-96B8-FA9C36CFAA2C}.Release|Any CPU.ActiveCfg = Release|x86
		{A6D3012E-5DBB-4E89-96B8-FA9C36CFAA2C}.Release|Mixed Platforms.ActiveCfg = Release|x86
		{A6D3012E-5DBB-4E89-96B8-FA9C36CFAA2C}.Release|Mixed Platforms.Build.0 = Release|x86
		{A6D3012E-5DBB-4E89-96B8-FA9C36CFAA2C}.Release|x86.ActiveCfg = Release|x86
		{A6D3012E-5DBB-4E89-96B8-FA9C36CFAA2C}.Release|x86.Build.0 = Release|x86
		{023D6F51-BB43-4D98-8771-96646A31A59C}.Debug|Any CPU.ActiveCfg = Debug|Any CPU
		{023D6F51-BB43-4D98-8771-96646A31A59C}.Debug|Mixed Platforms.ActiveCfg = Debug|Any CPU
		{023D6F51-BB43-4D98-8771-96646A31A59C}.Debug|x86.ActiveCfg = Debug|Any CPU
		{023D6F51-BB43-4D98-8771-96646A31A59C}.Release|Any CPU.ActiveCfg = Debug|Any CPU
		{023D6F51-BB43-4D98-8771-96646A31A59C}.Release|Mixed Platforms.ActiveCfg = Debug|Any CPU
		{023D6F51-BB43-4D98-8771-96646A31A59C}.Release|x86.ActiveCfg = Debug|Any CPU
		{0FD049EB-BB00-41D4-B3F5-5C62EC02A81C}.Debug|Any CPU.ActiveCfg = Debug|x86
		{0FD049EB-BB00-41D4-B3F5-5C62EC02A81C}.Debug|Mixed Platforms.ActiveCfg = Debug|x86
		{0FD049EB-BB00-41D4-B3F5-5C62EC02A81C}.Debug|Mixed Platforms.Build.0 = Debug|x86
		{0FD049EB-BB00-41D4-B3F5-5C62EC02A81C}.Debug|x86.ActiveCfg = Debug|x86
		{0FD049EB-BB00-41D4-B3F5-5C62EC02A81C}.Debug|x86.Build.0 = Debug|x86
		{0FD049EB-BB00-41D4-B3F5-5C62EC02A81C}.Release|Any CPU.ActiveCfg = Release|x86
		{0FD049EB-BB00-41D4-B3F5-5C62EC02A81C}.Release|Mixed Platforms.ActiveCfg = Release|x86
		{0FD049EB-BB00-41D4-B3F5-5C62EC02A81C}.Release|Mixed Platforms.Build.0 = Release|x86
		{0FD049EB-BB00-41D4-B3F5-5C62EC02A81C}.Release|x86.ActiveCfg = Release|x86
		{0FD049EB-BB00-41D4-B3F5-5C62EC02A81C}.Release|x86.Build.0 = Release|x86
	EndGlobalSection
	GlobalSection(SolutionProperties) = preSolution
		HideSolutionNode = FALSE
	EndGlobalSection
EndGlobal
